
Microsoft Visual Studio Solution File, Format Version 12.00
# Visual Studio 2012
Project("{FAE04EC0-301F-11D3-BF4B-00C04F79EFBC}") = "TribalWars", "TribalWars\TribalWars.csproj", "{17A66FAE-A878-4599-8FAF-C81E81B96E86}"
EndProject
Project("{FAE04EC0-301F-11D3-BF4B-00C04F79EFBC}") = "TribalWarsTests", "TribalWarsTests\TribalWarsTests.csproj", "{7D28AFCB-EFA6-451B-9F04-3F4B1B4BEEE9}"
EndProject
Global
	GlobalSection(SolutionConfigurationPlatforms) = preSolution
		Debug|Any CPU = Debug|Any CPU
		Release|Any CPU = Release|Any CPU
	EndGlobalSection
	GlobalSection(ProjectConfigurationPlatforms) = postSolution
		{17A66FAE-A878-4599-8FAF-C81E81B96E86}.Debug|Any CPU.ActiveCfg = Debug|Any CPU
		{17A66FAE-A878-4599-8FAF-C81E81B96E86}.Debug|Any CPU.Build.0 = Debug|Any CPU
		{17A66FAE-A878-4599-8FAF-C81E81B96E86}.Release|Any CPU.ActiveCfg = Release|Any CPU
		{17A66FAE-A878-4599-8FAF-C81E81B96E86}.Release|Any CPU.Build.0 = Release|Any CPU
		{7D28AFCB-EFA6-451B-9F04-3F4B1B4BEEE9}.Debug|Any CPU.ActiveCfg = Debug|Any CPU
		{7D28AFCB-EFA6-451B-9F04-3F4B1B4BEEE9}.Debug|Any CPU.Build.0 = Debug|Any CPU
		{7D28AFCB-EFA6-451B-9F04-3F4B1B4BEEE9}.Release|Any CPU.ActiveCfg = Release|Any CPU
		{7D28AFCB-EFA6-451B-9F04-3F4B1B4BEEE9}.Release|Any CPU.Build.0 = Release|Any CPU
	EndGlobalSection
	GlobalSection(SolutionProperties) = preSolution
		HideSolutionNode = FALSE
	EndGlobalSection
EndGlobal
